
Microsoft Visual Studio Solution File, Format Version 12.00
# Visual Studio Version 17
VisualStudioVersion = 17.3.32901.215
MinimumVisualStudioVersion = 10.0.40219.1
Project("{FAE04EC0-301F-11D3-BF4B-00C04F79EFBC}") = "1214053_raul", "1214053_raul\1214053_raul.csproj", "{EFEEBA1F-05BD-4586-A5BC-D2F97BF1EE3C}"
EndProject
Global
	GlobalSection(SolutionConfigurationPlatforms) = preSolution
		Debug|Any CPU = Debug|Any CPU
		Release|Any CPU = Release|Any CPU
	EndGlobalSection
	GlobalSection(ProjectConfigurationPlatforms) = postSolution
		{EFEEBA1F-05BD-4586-A5BC-D2F97BF1EE3C}.Debug|Any CPU.ActiveCfg = Debug|Any CPU
		{EFEEBA1F-05BD-4586-A5BC-D2F97BF1EE3C}.Debug|Any CPU.Build.0 = Debug|Any CPU
		{EFEEBA1F-05BD-4586-A5BC-D2F97BF1EE3C}.Release|Any CPU.ActiveCfg = Release|Any CPU
		{EFEEBA1F-05BD-4586-A5BC-D2F97BF1EE3C}.Release|Any CPU.Build.0 = Release|Any CPU
	EndGlobalSection
	GlobalSection(SolutionProperties) = preSolution
		HideSolutionNode = FALSE
	EndGlobalSection
	GlobalSection(ExtensibilityGlobals) = postSolution
		SolutionGuid = {B2AC145D-5B81-4600-BA31-FAAF5F80880F}
	EndGlobalSection
EndGlobal
